
Microsoft Visual Studio Solution File, Format Version 12.00
# Visual Studio Version 16
VisualStudioVersion = 16.0.30611.23
MinimumVisualStudioVersion = 10.0.40219.1
Project("{FAE04EC0-301F-11D3-BF4B-00C04F79EFBC}") = "Master.HelpDesk", "Master.HelpDesk\Master.HelpDesk.csproj", "{95AF7773-FAF6-4468-A8D3-53327DD1E204}"
EndProject
Project("{FAE04EC0-301F-11D3-BF4B-00C04F79EFBC}") = "Master.HelpDesk.Port", "Master.HelpDesk.Port\Master.HelpDesk.Port.csproj", "{0A58D356-9654-4E69-AC9D-4928F98FADED}"
EndProject
Project("{FAE04EC0-301F-11D3-BF4B-00C04F79EFBC}") = "Master.HelpDesk.Adapter", "Master.HelpDesk.Adapter\Master.HelpDesk.Adapter.csproj", "{6CED0A05-9205-47A6-9B95-A30B41148C70}"
EndProject
Project("{FAE04EC0-301F-11D3-BF4B-00C04F79EFBC}") = "Master.HelpDesk.Entities", "Master.HelpDesk.Entities\Master.HelpDesk.Entities.csproj", "{76F6EBAC-FD3B-4E92-9738-3A1922E16BE5}"
EndProject
Project("{FAE04EC0-301F-11D3-BF4B-00C04F79EFBC}") = "Master.HelpDesk.Domaine", "Master.HelpDesk.Domaine\Master.HelpDesk.Domaine.csproj", "{722A495F-CF0F-4B72-8397-C933D0987C3B}"
EndProject
Global
	GlobalSection(SolutionConfigurationPlatforms) = preSolution
		Debug|Any CPU = Debug|Any CPU
		Release|Any CPU = Release|Any CPU
	EndGlobalSection
	GlobalSection(ProjectConfigurationPlatforms) = postSolution
		{95AF7773-FAF6-4468-A8D3-53327DD1E204}.Debug|Any CPU.ActiveCfg = Debug|Any CPU
		{95AF7773-FAF6-4468-A8D3-53327DD1E204}.Debug|Any CPU.Build.0 = Debug|Any CPU
		{95AF7773-FAF6-4468-A8D3-53327DD1E204}.Release|Any CPU.ActiveCfg = Release|Any CPU
		{95AF7773-FAF6-4468-A8D3-53327DD1E204}.Release|Any CPU.Build.0 = Release|Any CPU
		{0A58D356-9654-4E69-AC9D-4928F98FADED}.Debug|Any CPU.ActiveCfg = Debug|Any CPU
		{0A58D356-9654-4E69-AC9D-4928F98FADED}.Debug|Any CPU.Build.0 = Debug|Any CPU
		{0A58D356-9654-4E69-AC9D-4928F98FADED}.Release|Any CPU.ActiveCfg = Release|Any CPU
		{0A58D356-9654-4E69-AC9D-4928F98FADED}.Release|Any CPU.Build.0 = Release|Any CPU
		{6CED0A05-9205-47A6-9B95-A30B41148C70}.Debug|Any CPU.ActiveCfg = Debug|Any CPU
		{6CED0A05-9205-47A6-9B95-A30B41148C70}.Debug|Any CPU.Build.0 = Debug|Any CPU
		{6CED0A05-9205-47A6-9B95-A30B41148C70}.Release|Any CPU.ActiveCfg = Release|Any CPU
		{6CED0A05-9205-47A6-9B95-A30B41148C70}.Release|Any CPU.Build.0 = Release|Any CPU
		{76F6EBAC-FD3B-4E92-9738-3A1922E16BE5}.Debug|Any CPU.ActiveCfg = Debug|Any CPU
		{76F6EBAC-FD3B-4E92-9738-3A1922E16BE5}.Debug|Any CPU.Build.0 = Debug|Any CPU
		{76F6EBAC-FD3B-4E92-9738-3A1922E16BE5}.Release|Any CPU.ActiveCfg = Release|Any CPU
		{76F6EBAC-FD3B-4E92-9738-3A1922E16BE5}.Release|Any CPU.Build.0 = Release|Any CPU
		{722A495F-CF0F-4B72-8397-C933D0987C3B}.Debug|Any CPU.ActiveCfg = Debug|Any CPU
		{722A495F-CF0F-4B72-8397-C933D0987C3B}.Debug|Any CPU.Build.0 = Debug|Any CPU
		{722A495F-CF0F-4B72-8397-C933D0987C3B}.Release|Any CPU.ActiveCfg = Release|Any CPU
		{722A495F-CF0F-4B72-8397-C933D0987C3B}.Release|Any CPU.Build.0 = Release|Any CPU
	EndGlobalSection
	GlobalSection(SolutionProperties) = preSolution
		HideSolutionNode = FALSE
	EndGlobalSection
	GlobalSection(ExtensibilityGlobals) = postSolution
		SolutionGuid = {A7FB428E-799A-4751-BFCA-062A000914D9}
	EndGlobalSection
EndGlobal
